// !$*UTF8*$!
{
	archiveVersion = 1;
	classes = {
	};
	objectVersion = 46;
	objects = {

/* Begin PBXBuildFile section */
		AA0702CA1A38DD1500000E38 /* PikachuDh.tga in CopyFiles */ = {isa = PBXBuildFile; fileRef = AA0702C81A38DD1500000E38 /* PikachuDh.tga */; };
		AA0702CB1A38DD1500000E38 /* PikachuEyeDh.tga in CopyFiles */ = {isa = PBXBuildFile; fileRef = AA0702C91A38DD1500000E38 /* PikachuEyeDh.tga */; };
		AA0702CD1A38DD2600000E38 /* PikachuHohoDh.tga in CopyFiles */ = {isa = PBXBuildFile; fileRef = AA0702CC1A38DD2600000E38 /* PikachuHohoDh.tga */; };
		AA0702CF1A38DD3200000E38 /* PikachuMouthDh.tga in CopyFiles */ = {isa = PBXBuildFile; fileRef = AA0702CE1A38DD3200000E38 /* PikachuMouthDh.tga */; };
		AA0702E11A392C3500000E38 /* Model.cpp in Sources */ = {isa = PBXBuildFile; fileRef = AA0702E01A392C3500000E38 /* Model.cpp */; };
		AA0702E81A39318100000E38 /* Model3D.cpp in Sources */ = {isa = PBXBuildFile; fileRef = AA0702E61A39318100000E38 /* Model3D.cpp */; };
		AA0702EB1A39318800000E38 /* Face.cpp in Sources */ = {isa = PBXBuildFile; fileRef = AA0702E91A39318800000E38 /* Face.cpp */; };
		AA0702ED1A39322800000E38 /* Material.cpp in Sources */ = {isa = PBXBuildFile; fileRef = AA12601F1A36A3090068BE80 /* Material.cpp */; };
		AA07030A1A3A0F1D00000E38 /* MatrixTransform.cpp in Sources */ = {isa = PBXBuildFile; fileRef = AA0703021A3A0F1D00000E38 /* MatrixTransform.cpp */; };
		AA07030B1A3A0F1D00000E38 /* Geode.cpp in Sources */ = {isa = PBXBuildFile; fileRef = AA0703041A3A0F1D00000E38 /* Geode.cpp */; };
		AA07030C1A3A0F1D00000E38 /* Group.cpp in Sources */ = {isa = PBXBuildFile; fileRef = AA0703061A3A0F1D00000E38 /* Group.cpp */; };
		AA07030D1A3A0F1D00000E38 /* Node.cpp in Sources */ = {isa = PBXBuildFile; fileRef = AA0703081A3A0F1D00000E38 /* Node.cpp */; };
		AA1260211A36A3090068BE80 /* Light.cpp in Sources */ = {isa = PBXBuildFile; fileRef = AA12601D1A36A3090068BE80 /* Light.cpp */; };
		AA7428421A37D5BF00627741 /* Camera.cpp in Sources */ = {isa = PBXBuildFile; fileRef = AA7428401A37D5BF00627741 /* Camera.cpp */; };
		AAAD8C4B1A3575C0007D8951 /* OpenGL.framework in Frameworks */ = {isa = PBXBuildFile; fileRef = AAAD8C4A1A3575C0007D8951 /* OpenGL.framework */; };
		AAAD8C4D1A3575C7007D8951 /* GLUT.framework in Frameworks */ = {isa = PBXBuildFile; fileRef = AAAD8C4C1A3575C7007D8951 /* GLUT.framework */; };
		AAAD8C511A3575F5007D8951 /* image_DXT.c in Sources */ = {isa = PBXBuildFile; fileRef = AAAD8C4E1A3575F5007D8951 /* image_DXT.c */; };
		AAAD8C521A3575F5007D8951 /* image_helper.c in Sources */ = {isa = PBXBuildFile; fileRef = AAAD8C501A3575F5007D8951 /* image_helper.c */; };
		AAAD8C5A1A35760E007D8951 /* SOIL.c in Sources */ = {isa = PBXBuildFile; fileRef = AAAD8C541A35760E007D8951 /* SOIL.c */; };
		AAAD8C5B1A35760E007D8951 /* stb_image_aug.c in Sources */ = {isa = PBXBuildFile; fileRef = AAAD8C561A35760E007D8951 /* stb_image_aug.c */; };
		AAAD8C5E1A357632007D8951 /* main.cpp in Sources */ = {isa = PBXBuildFile; fileRef = AAAD8C5C1A357632007D8951 /* main.cpp */; };
		AAAD8C611A3576CA007D8951 /* Window.cpp in Sources */ = {isa = PBXBuildFile; fileRef = AAAD8C5F1A3576CA007D8951 /* Window.cpp */; };
		AAAD8C691A35771F007D8951 /* Matrix4.cpp in Sources */ = {isa = PBXBuildFile; fileRef = AAAD8C631A35771F007D8951 /* Matrix4.cpp */; };
		AAAD8C6A1A35771F007D8951 /* Vector3.cpp in Sources */ = {isa = PBXBuildFile; fileRef = AAAD8C651A35771F007D8951 /* Vector3.cpp */; };
		AAAD8C6B1A35771F007D8951 /* Vector4.cpp in Sources */ = {isa = PBXBuildFile; fileRef = AAAD8C671A35771F007D8951 /* Vector4.cpp */; };
/* End PBXBuildFile section */

/* Begin PBXCopyFilesBuildPhase section */
		AAAD8C3E1A3575B2007D8951 /* CopyFiles */ = {
			isa = PBXCopyFilesBuildPhase;
			buildActionMask = 2147483647;
			dstPath = /usr/share/man/man1;
			dstSubfolderSpec = 0;
			files = (
				AA0702CF1A38DD3200000E38 /* PikachuMouthDh.tga in CopyFiles */,
				AA0702CD1A38DD2600000E38 /* PikachuHohoDh.tga in CopyFiles */,
				AA0702CA1A38DD1500000E38 /* PikachuDh.tga in CopyFiles */,
				AA0702CB1A38DD1500000E38 /* PikachuEyeDh.tga in CopyFiles */,
			);
			runOnlyForDeploymentPostprocessing = 1;
		};
/* End PBXCopyFilesBuildPhase section */

/* Begin PBXFileReference section */
		5BEF67571A3975D100DFA47E /* Material.h */ = {isa = PBXFileReference; lastKnownFileType = sourcecode.c.h; path = Material.h; sourceTree = "<group>"; };
		AA0702C31A38DCA200000E38 /* Pikachu.mtl */ = {isa = PBXFileReference; lastKnownFileType = text; path = Pikachu.mtl; sourceTree = "<group>"; };
		AA0702C81A38DD1500000E38 /* PikachuDh.tga */ = {isa = PBXFileReference; lastKnownFileType = file; path = PikachuDh.tga; sourceTree = "<group>"; };
		AA0702C91A38DD1500000E38 /* PikachuEyeDh.tga */ = {isa = PBXFileReference; lastKnownFileType = file; path = PikachuEyeDh.tga; sourceTree = "<group>"; };
		AA0702CC1A38DD2600000E38 /* PikachuHohoDh.tga */ = {isa = PBXFileReference; lastKnownFileType = file; path = PikachuHohoDh.tga; sourceTree = "<group>"; };
		AA0702CE1A38DD3200000E38 /* PikachuMouthDh.tga */ = {isa = PBXFileReference; lastKnownFileType = file; path = PikachuMouthDh.tga; sourceTree = "<group>"; };
		AA0702E01A392C3500000E38 /* Model.cpp */ = {isa = PBXFileReference; fileEncoding = 4; lastKnownFileType = sourcecode.cpp.cpp; path = Model.cpp; sourceTree = "<group>"; };
		AA0702E61A39318100000E38 /* Model3D.cpp */ = {isa = PBXFileReference; fileEncoding = 4; lastKnownFileType = sourcecode.cpp.cpp; path = Model3D.cpp; sourceTree = "<group>"; };
		AA0702E71A39318100000E38 /* Model3D.h */ = {isa = PBXFileReference; fileEncoding = 4; lastKnownFileType = sourcecode.c.h; path = Model3D.h; sourceTree = "<group>"; };
		AA0702E91A39318800000E38 /* Face.cpp */ = {isa = PBXFileReference; fileEncoding = 4; lastKnownFileType = sourcecode.cpp.cpp; path = Face.cpp; sourceTree = "<group>"; };
		AA0702EA1A39318800000E38 /* Face.h */ = {isa = PBXFileReference; fileEncoding = 4; lastKnownFileType = sourcecode.c.h; path = Face.h; sourceTree = "<group>"; };
		AA0702EC1A3931E700000E38 /* Material.h */ = {isa = PBXFileReference; lastKnownFileType = sourcecode.c.h; path = Material.h; sourceTree = "<group>"; };
		AA0702F71A39A42F00000E38 /* Charmander.obj */ = {isa = PBXFileReference; lastKnownFileType = text; path = Charmander.obj; sourceTree = "<group>"; };
		AA0702F81A39A43600000E38 /* HitokageDh.tga */ = {isa = PBXFileReference; lastKnownFileType = file; path = HitokageDh.tga; sourceTree = "<group>"; };
		AA0702F91A39A43600000E38 /* HitokageEyeDh.tga */ = {isa = PBXFileReference; lastKnownFileType = file; path = HitokageEyeDh.tga; sourceTree = "<group>"; };
		AA0702FA1A39A43F00000E38 /* Hitokage.mtl */ = {isa = PBXFileReference; lastKnownFileType = text; path = Hitokage.mtl; sourceTree = "<group>"; };
		AA0702FB1A39A48A00000E38 /* Bulbasaur.obj */ = {isa = PBXFileReference; lastKnownFileType = text; path = Bulbasaur.obj; sourceTree = "<group>"; };
		AA0702FC1A39A49300000E38 /* Fushigidane.mtl */ = {isa = PBXFileReference; lastKnownFileType = text; path = Fushigidane.mtl; sourceTree = "<group>"; };
		AA0702FD1A39A4B300000E38 /* FushigidaneDh.tga */ = {isa = PBXFileReference; lastKnownFileType = file; path = FushigidaneDh.tga; sourceTree = "<group>"; };
		AA0702FE1A39A4B300000E38 /* FushigidaneEyeDh.tga */ = {isa = PBXFileReference; lastKnownFileType = file; path = FushigidaneEyeDh.tga; sourceTree = "<group>"; };
		AA0703021A3A0F1D00000E38 /* MatrixTransform.cpp */ = {isa = PBXFileReference; fileEncoding = 4; lastKnownFileType = sourcecode.cpp.cpp; path = MatrixTransform.cpp; sourceTree = "<group>"; };
		AA0703031A3A0F1D00000E38 /* MatrixTransform.h */ = {isa = PBXFileReference; fileEncoding = 4; lastKnownFileType = sourcecode.c.h; path = MatrixTransform.h; sourceTree = "<group>"; };
		AA0703041A3A0F1D00000E38 /* Geode.cpp */ = {isa = PBXFileReference; fileEncoding = 4; lastKnownFileType = sourcecode.cpp.cpp; path = Geode.cpp; sourceTree = "<group>"; };
		AA0703051A3A0F1D00000E38 /* Geode.h */ = {isa = PBXFileReference; fileEncoding = 4; lastKnownFileType = sourcecode.c.h; path = Geode.h; sourceTree = "<group>"; };
		AA0703061A3A0F1D00000E38 /* Group.cpp */ = {isa = PBXFileReference; fileEncoding = 4; lastKnownFileType = sourcecode.cpp.cpp; path = Group.cpp; sourceTree = "<group>"; };
		AA0703071A3A0F1D00000E38 /* Group.h */ = {isa = PBXFileReference; fileEncoding = 4; lastKnownFileType = sourcecode.c.h; path = Group.h; sourceTree = "<group>"; };
		AA0703081A3A0F1D00000E38 /* Node.cpp */ = {isa = PBXFileReference; fileEncoding = 4; lastKnownFileType = sourcecode.cpp.cpp; path = Node.cpp; sourceTree = "<group>"; };
		AA0703091A3A0F1D00000E38 /* Node.h */ = {isa = PBXFileReference; fileEncoding = 4; lastKnownFileType = sourcecode.c.h; path = Node.h; sourceTree = "<group>"; };
		AA07030E1A3A100E00000E38 /* Rokon.mtl */ = {isa = PBXFileReference; lastKnownFileType = text; path = Rokon.mtl; sourceTree = "<group>"; };
		AA07030F1A3A101400000E38 /* Vulpix.obj */ = {isa = PBXFileReference; lastKnownFileType = text; path = Vulpix.obj; sourceTree = "<group>"; };
		AA0703101A3A101E00000E38 /* RokonDh.tga */ = {isa = PBXFileReference; lastKnownFileType = file; path = RokonDh.tga; sourceTree = "<group>"; };
		AA0703111A3A101E00000E38 /* RokonEyeDh.tga */ = {isa = PBXFileReference; lastKnownFileType = file; path = RokonEyeDh.tga; sourceTree = "<group>"; };
		AA0703121A3A101E00000E38 /* RokonMouthDh.tga */ = {isa = PBXFileReference; lastKnownFileType = file; path = RokonMouthDh.tga; sourceTree = "<group>"; };
		AA0703151A3A116A00000E38 /* Meowth.obj */ = {isa = PBXFileReference; lastKnownFileType = text; path = Meowth.obj; sourceTree = "<group>"; };
		AA0703161A3A116F00000E38 /* Nyarth.mtl */ = {isa = PBXFileReference; lastKnownFileType = text; path = Nyarth.mtl; sourceTree = "<group>"; };
		AA0703171A3A117700000E38 /* NyarthDh.tga */ = {isa = PBXFileReference; lastKnownFileType = file; path = NyarthDh.tga; sourceTree = "<group>"; };
		AA0703181A3A117700000E38 /* NyarthEyeDh.tga */ = {isa = PBXFileReference; lastKnownFileType = file; path = NyarthEyeDh.tga; sourceTree = "<group>"; };
		AA0703191A3A117700000E38 /* NyarthMouthDh.tga */ = {isa = PBXFileReference; lastKnownFileType = file; path = NyarthMouthDh.tga; sourceTree = "<group>"; };
		AA07031F1A3A120B00000E38 /* KoduckDh.tga */ = {isa = PBXFileReference; lastKnownFileType = file; path = KoduckDh.tga; sourceTree = "<group>"; };
		AA0703201A3A120B00000E38 /* KoduckEyeDh.tga */ = {isa = PBXFileReference; lastKnownFileType = file; path = KoduckEyeDh.tga; sourceTree = "<group>"; };
		AA0703211A3A120B00000E38 /* Psyduck.obj */ = {isa = PBXFileReference; lastKnownFileType = text; path = Psyduck.obj; sourceTree = "<group>"; };
		AA0703221A3A120B00000E38 /* Koduck.mtl */ = {isa = PBXFileReference; lastKnownFileType = text; path = Koduck.mtl; sourceTree = "<group>"; };
		AA1260191A36A0AD0068BE80 /* Pikachu.obj */ = {isa = PBXFileReference; lastKnownFileType = text; path = Pikachu.obj; sourceTree = "<group>"; };
		AA12601B1A36A0D30068BE80 /* Model.h */ = {isa = PBXFileReference; fileEncoding = 4; lastKnownFileType = sourcecode.c.h; path = Model.h; sourceTree = "<group>"; };
		AA12601D1A36A3090068BE80 /* Light.cpp */ = {isa = PBXFileReference; fileEncoding = 4; lastKnownFileType = sourcecode.cpp.cpp; path = Light.cpp; sourceTree = "<group>"; };
		AA12601E1A36A3090068BE80 /* Light.h */ = {isa = PBXFileReference; fileEncoding = 4; lastKnownFileType = sourcecode.c.h; path = Light.h; sourceTree = "<group>"; };
		AA12601F1A36A3090068BE80 /* Material.cpp */ = {isa = PBXFileReference; fileEncoding = 4; lastKnownFileType = sourcecode.cpp.cpp; path = Material.cpp; sourceTree = "<group>"; };
		AA7428401A37D5BF00627741 /* Camera.cpp */ = {isa = PBXFileReference; fileEncoding = 4; lastKnownFileType = sourcecode.cpp.cpp; path = Camera.cpp; sourceTree = "<group>"; };
		AA7428411A37D5BF00627741 /* Camera.h */ = {isa = PBXFileReference; fileEncoding = 4; lastKnownFileType = sourcecode.c.h; path = Camera.h; sourceTree = "<group>"; };
		AAAD8C401A3575B2007D8951 /* CSE167 Final Project */ = {isa = PBXFileReference; explicitFileType = "compiled.mach-o.executable"; includeInIndex = 0; path = "CSE167 Final Project"; sourceTree = BUILT_PRODUCTS_DIR; };
		AAAD8C4A1A3575C0007D8951 /* OpenGL.framework */ = {isa = PBXFileReference; lastKnownFileType = wrapper.framework; name = OpenGL.framework; path = System/Library/Frameworks/OpenGL.framework; sourceTree = SDKROOT; };
		AAAD8C4C1A3575C7007D8951 /* GLUT.framework */ = {isa = PBXFileReference; lastKnownFileType = wrapper.framework; name = GLUT.framework; path = System/Library/Frameworks/GLUT.framework; sourceTree = SDKROOT; };
		AAAD8C4E1A3575F5007D8951 /* image_DXT.c */ = {isa = PBXFileReference; fileEncoding = 4; lastKnownFileType = sourcecode.c.c; path = image_DXT.c; sourceTree = "<group>"; };
		AAAD8C4F1A3575F5007D8951 /* image_DXT.h */ = {isa = PBXFileReference; fileEncoding = 4; lastKnownFileType = sourcecode.c.h; path = image_DXT.h; sourceTree = "<group>"; };
		AAAD8C501A3575F5007D8951 /* image_helper.c */ = {isa = PBXFileReference; fileEncoding = 4; lastKnownFileType = sourcecode.c.c; path = image_helper.c; sourceTree = "<group>"; };
		AAAD8C531A3575FE007D8951 /* image_helper.h */ = {isa = PBXFileReference; lastKnownFileType = sourcecode.c.h; path = image_helper.h; sourceTree = "<group>"; };
		AAAD8C541A35760E007D8951 /* SOIL.c */ = {isa = PBXFileReference; fileEncoding = 4; lastKnownFileType = sourcecode.c.c; path = SOIL.c; sourceTree = "<group>"; };
		AAAD8C551A35760E007D8951 /* SOIL.h */ = {isa = PBXFileReference; fileEncoding = 4; lastKnownFileType = sourcecode.c.h; path = SOIL.h; sourceTree = "<group>"; };
		AAAD8C561A35760E007D8951 /* stb_image_aug.c */ = {isa = PBXFileReference; fileEncoding = 4; lastKnownFileType = sourcecode.c.c; path = stb_image_aug.c; sourceTree = "<group>"; };
		AAAD8C571A35760E007D8951 /* stb_image_aug.h */ = {isa = PBXFileReference; fileEncoding = 4; lastKnownFileType = sourcecode.c.h; path = stb_image_aug.h; sourceTree = "<group>"; };
		AAAD8C581A35760E007D8951 /* stbi_DDS_aug_c.h */ = {isa = PBXFileReference; fileEncoding = 4; lastKnownFileType = sourcecode.c.h; path = stbi_DDS_aug_c.h; sourceTree = "<group>"; };
		AAAD8C591A35760E007D8951 /* stbi_DDS_aug.h */ = {isa = PBXFileReference; fileEncoding = 4; lastKnownFileType = sourcecode.c.h; path = stbi_DDS_aug.h; sourceTree = "<group>"; };
		AAAD8C5C1A357632007D8951 /* main.cpp */ = {isa = PBXFileReference; fileEncoding = 4; lastKnownFileType = sourcecode.cpp.cpp; path = main.cpp; sourceTree = "<group>"; };
		AAAD8C5D1A357632007D8951 /* main.h */ = {isa = PBXFileReference; fileEncoding = 4; lastKnownFileType = sourcecode.c.h; path = main.h; sourceTree = "<group>"; };
		AAAD8C5F1A3576CA007D8951 /* Window.cpp */ = {isa = PBXFileReference; fileEncoding = 4; lastKnownFileType = sourcecode.cpp.cpp; path = Window.cpp; sourceTree = "<group>"; };
		AAAD8C601A3576CA007D8951 /* Window.h */ = {isa = PBXFileReference; fileEncoding = 4; lastKnownFileType = sourcecode.c.h; path = Window.h; sourceTree = "<group>"; };
		AAAD8C631A35771F007D8951 /* Matrix4.cpp */ = {isa = PBXFileReference; fileEncoding = 4; lastKnownFileType = sourcecode.cpp.cpp; path = Matrix4.cpp; sourceTree = "<group>"; };
		AAAD8C641A35771F007D8951 /* Matrix4.h */ = {isa = PBXFileReference; fileEncoding = 4; lastKnownFileType = sourcecode.c.h; path = Matrix4.h; sourceTree = "<group>"; };
		AAAD8C651A35771F007D8951 /* Vector3.cpp */ = {isa = PBXFileReference; fileEncoding = 4; lastKnownFileType = sourcecode.cpp.cpp; path = Vector3.cpp; sourceTree = "<group>"; };
		AAAD8C661A35771F007D8951 /* Vector3.h */ = {isa = PBXFileReference; fileEncoding = 4; lastKnownFileType = sourcecode.c.h; path = Vector3.h; sourceTree = "<group>"; };
		AAAD8C671A35771F007D8951 /* Vector4.cpp */ = {isa = PBXFileReference; fileEncoding = 4; lastKnownFileType = sourcecode.cpp.cpp; path = Vector4.cpp; sourceTree = "<group>"; };
		AAAD8C681A35771F007D8951 /* Vector4.h */ = {isa = PBXFileReference; fileEncoding = 4; lastKnownFileType = sourcecode.c.h; path = Vector4.h; sourceTree = "<group>"; };
/* End PBXFileReference section */

/* Begin PBXFrameworksBuildPhase section */
		AAAD8C3D1A3575B2007D8951 /* Frameworks */ = {
			isa = PBXFrameworksBuildPhase;
			buildActionMask = 2147483647;
			files = (
				AAAD8C4D1A3575C7007D8951 /* GLUT.framework in Frameworks */,
				AAAD8C4B1A3575C0007D8951 /* OpenGL.framework in Frameworks */,
			);
			runOnlyForDeploymentPostprocessing = 0;
		};
/* End PBXFrameworksBuildPhase section */

/* Begin PBXGroup section */
		AA0702D01A38DD3B00000E38 /* Pikachu */ = {
			isa = PBXGroup;
			children = (
				AA1260191A36A0AD0068BE80 /* Pikachu.obj */,
				AA0702C31A38DCA200000E38 /* Pikachu.mtl */,
				AA0702CE1A38DD3200000E38 /* PikachuMouthDh.tga */,
				AA0702CC1A38DD2600000E38 /* PikachuHohoDh.tga */,
				AA0702C81A38DD1500000E38 /* PikachuDh.tga */,
				AA0702C91A38DD1500000E38 /* PikachuEyeDh.tga */,
			);
			name = Pikachu;
			sourceTree = "<group>";
		};
		AA0702FF1A39A4CB00000E38 /* Bulbasaur */ = {
			isa = PBXGroup;
			children = (
				AA0702FD1A39A4B300000E38 /* FushigidaneDh.tga */,
				AA0702FE1A39A4B300000E38 /* FushigidaneEyeDh.tga */,
				AA0702FC1A39A49300000E38 /* Fushigidane.mtl */,
				AA0702FB1A39A48A00000E38 /* Bulbasaur.obj */,
			);
			name = Bulbasaur;
			sourceTree = "<group>";
		};
		AA0703001A39A4D500000E38 /* Charmander */ = {
			isa = PBXGroup;
			children = (
				AA0702FA1A39A43F00000E38 /* Hitokage.mtl */,
				AA0702F81A39A43600000E38 /* HitokageDh.tga */,
				AA0702F91A39A43600000E38 /* HitokageEyeDh.tga */,
				AA0702F71A39A42F00000E38 /* Charmander.obj */,
			);
			name = Charmander;
			sourceTree = "<group>";
		};
		AA0703011A3A0F1100000E38 /* SceneGraph */ = {
			isa = PBXGroup;
			children = (
				AA0703021A3A0F1D00000E38 /* MatrixTransform.cpp */,
				AA0703031A3A0F1D00000E38 /* MatrixTransform.h */,
				AA0703041A3A0F1D00000E38 /* Geode.cpp */,
				AA0703051A3A0F1D00000E38 /* Geode.h */,
				AA0703061A3A0F1D00000E38 /* Group.cpp */,
				AA0703071A3A0F1D00000E38 /* Group.h */,
				AA0703081A3A0F1D00000E38 /* Node.cpp */,
				AA0703091A3A0F1D00000E38 /* Node.h */,
			);
			name = SceneGraph;
			sourceTree = "<group>";
		};
		AA0703131A3A102100000E38 /* Vulpix */ = {
			isa = PBXGroup;
			children = (
				AA0703101A3A101E00000E38 /* RokonDh.tga */,
				AA0703111A3A101E00000E38 /* RokonEyeDh.tga */,
				AA0703121A3A101E00000E38 /* RokonMouthDh.tga */,
				AA07030F1A3A101400000E38 /* Vulpix.obj */,
				AA07030E1A3A100E00000E38 /* Rokon.mtl */,
			);
			name = Vulpix;
			sourceTree = "<group>";
		};
		AA0703141A3A103500000E38 /* SOIL */ = {
			isa = PBXGroup;
			children = (
				AAAD8C541A35760E007D8951 /* SOIL.c */,
				AAAD8C551A35760E007D8951 /* SOIL.h */,
				AAAD8C561A35760E007D8951 /* stb_image_aug.c */,
				AAAD8C571A35760E007D8951 /* stb_image_aug.h */,
				AAAD8C581A35760E007D8951 /* stbi_DDS_aug_c.h */,
				AAAD8C591A35760E007D8951 /* stbi_DDS_aug.h */,
				AAAD8C531A3575FE007D8951 /* image_helper.h */,
				AAAD8C4E1A3575F5007D8951 /* image_DXT.c */,
				AAAD8C4F1A3575F5007D8951 /* image_DXT.h */,
				AAAD8C501A3575F5007D8951 /* image_helper.c */,
			);
			name = SOIL;
			sourceTree = "<group>";
		};
		AA0703231A3A120D00000E38 /* Meowth */ = {
			isa = PBXGroup;
			children = (
				AA0703171A3A117700000E38 /* NyarthDh.tga */,
				AA0703181A3A117700000E38 /* NyarthEyeDh.tga */,
				AA0703191A3A117700000E38 /* NyarthMouthDh.tga */,
				AA0703161A3A116F00000E38 /* Nyarth.mtl */,
				AA0703151A3A116A00000E38 /* Meowth.obj */,
			);
			name = Meowth;
			sourceTree = "<group>";
		};
		AA0703241A3A121D00000E38 /* Psyduck */ = {
			isa = PBXGroup;
			children = (
				AA07031F1A3A120B00000E38 /* KoduckDh.tga */,
				AA0703201A3A120B00000E38 /* KoduckEyeDh.tga */,
				AA0703211A3A120B00000E38 /* Psyduck.obj */,
				AA0703221A3A120B00000E38 /* Koduck.mtl */,
			);
			name = Psyduck;
			sourceTree = "<group>";
		};
		AAAD8C371A3575B2007D8951 = {
			isa = PBXGroup;
			children = (
				AA0703241A3A121D00000E38 /* Psyduck */,
				AA0703231A3A120D00000E38 /* Meowth */,
				AA0703011A3A0F1100000E38 /* SceneGraph */,
				AAAD8C621A35770D007D8951 /* Helper */,
				AAAD8C5F1A3576CA007D8951 /* Window.cpp */,
				AAAD8C601A3576CA007D8951 /* Window.h */,
				AAAD8C5C1A357632007D8951 /* main.cpp */,
				AAAD8C5D1A357632007D8951 /* main.h */,
				AA0703131A3A102100000E38 /* Vulpix */,
				AA0703001A39A4D500000E38 /* Charmander */,
				AA0702FF1A39A4CB00000E38 /* Bulbasaur */,
				AA0702D01A38DD3B00000E38 /* Pikachu */,
				AA0703141A3A103500000E38 /* SOIL */,
				AAAD8C4C1A3575C7007D8951 /* GLUT.framework */,
				AAAD8C4A1A3575C0007D8951 /* OpenGL.framework */,
				AAAD8C421A3575B2007D8951 /* CSE167 Final Project */,
				AAAD8C411A3575B2007D8951 /* Products */,
			);
			sourceTree = "<group>";
		};
		AAAD8C411A3575B2007D8951 /* Products */ = {
			isa = PBXGroup;
			children = (
				AAAD8C401A3575B2007D8951 /* CSE167 Final Project */,
			);
			name = Products;
			sourceTree = "<group>";
		};
		AAAD8C421A3575B2007D8951 /* CSE167 Final Project */ = {
			isa = PBXGroup;
			children = (
			);
			path = "CSE167 Final Project";
			sourceTree = "<group>";
		};
		AAAD8C621A35770D007D8951 /* Helper */ = {
			isa = PBXGroup;
			children = (
				AA0702E91A39318800000E38 /* Face.cpp */,
				AA0702EA1A39318800000E38 /* Face.h */,
				AA0702E61A39318100000E38 /* Model3D.cpp */,
				AA0702E71A39318100000E38 /* Model3D.h */,
				AA0702E01A392C3500000E38 /* Model.cpp */,
				AA7428401A37D5BF00627741 /* Camera.cpp */,
				AA7428411A37D5BF00627741 /* Camera.h */,
				AA12601D1A36A3090068BE80 /* Light.cpp */,
				AA12601E1A36A3090068BE80 /* Light.h */,
				5BEF67571A3975D100DFA47E /* Material.h */,
				AA12601F1A36A3090068BE80 /* Material.cpp */,
				AA0702EC1A3931E700000E38 /* Material.h */,
				AA12601B1A36A0D30068BE80 /* Model.h */,
				AAAD8C631A35771F007D8951 /* Matrix4.cpp */,
				AAAD8C641A35771F007D8951 /* Matrix4.h */,
				AAAD8C651A35771F007D8951 /* Vector3.cpp */,
				AAAD8C661A35771F007D8951 /* Vector3.h */,
				AAAD8C671A35771F007D8951 /* Vector4.cpp */,
				AAAD8C681A35771F007D8951 /* Vector4.h */,
			);
			name = Helper;
			sourceTree = "<group>";
		};
/* End PBXGroup section */

/* Begin PBXNativeTarget section */
		AAAD8C3F1A3575B2007D8951 /* CSE167 Final Project */ = {
			isa = PBXNativeTarget;
			buildConfigurationList = AAAD8C471A3575B2007D8951 /* Build configuration list for PBXNativeTarget "CSE167 Final Project" */;
			buildPhases = (
				AAAD8C3C1A3575B2007D8951 /* Sources */,
				AAAD8C3D1A3575B2007D8951 /* Frameworks */,
				AAAD8C3E1A3575B2007D8951 /* CopyFiles */,
			);
			buildRules = (
			);
			dependencies = (
			);
			name = "CSE167 Final Project";
			productName = "CSE167 Final Project";
			productReference = AAAD8C401A3575B2007D8951 /* CSE167 Final Project */;
			productType = "com.apple.product-type.tool";
		};
/* End PBXNativeTarget section */

/* Begin PBXProject section */
		AAAD8C381A3575B2007D8951 /* Project object */ = {
			isa = PBXProject;
			attributes = {
				LastUpgradeCheck = 0610;
				ORGANIZATIONNAME = "Ruiqing Qiu";
				TargetAttributes = {
					AAAD8C3F1A3575B2007D8951 = {
						CreatedOnToolsVersion = 6.1.1;
					};
				};
			};
			buildConfigurationList = AAAD8C3B1A3575B2007D8951 /* Build configuration list for PBXProject "CSE167 Final Project" */;
			compatibilityVersion = "Xcode 3.2";
			developmentRegion = English;
			hasScannedForEncodings = 0;
			knownRegions = (
				en,
			);
			mainGroup = AAAD8C371A3575B2007D8951;
			productRefGroup = AAAD8C411A3575B2007D8951 /* Products */;
			projectDirPath = "";
			projectRoot = "";
			targets = (
				AAAD8C3F1A3575B2007D8951 /* CSE167 Final Project */,
			);
		};
/* End PBXProject section */

/* Begin PBXSourcesBuildPhase section */
		AAAD8C3C1A3575B2007D8951 /* Sources */ = {
			isa = PBXSourcesBuildPhase;
			buildActionMask = 2147483647;
			files = (
				AA07030B1A3A0F1D00000E38 /* Geode.cpp in Sources */,
				AA07030C1A3A0F1D00000E38 /* Group.cpp in Sources */,
				AA0702ED1A39322800000E38 /* Material.cpp in Sources */,
				AA7428421A37D5BF00627741 /* Camera.cpp in Sources */,
				AA1260211A36A3090068BE80 /* Light.cpp in Sources */,
				AAAD8C511A3575F5007D8951 /* image_DXT.c in Sources */,
				AA0702E11A392C3500000E38 /* Model.cpp in Sources */,
				AA07030A1A3A0F1D00000E38 /* MatrixTransform.cpp in Sources */,
				AAAD8C6B1A35771F007D8951 /* Vector4.cpp in Sources */,
				AAAD8C611A3576CA007D8951 /* Window.cpp in Sources */,
				AA0702EB1A39318800000E38 /* Face.cpp in Sources */,
				AA07030D1A3A0F1D00000E38 /* Node.cpp in Sources */,
				AAAD8C6A1A35771F007D8951 /* Vector3.cpp in Sources */,
				AAAD8C521A3575F5007D8951 /* image_helper.c in Sources */,
				AAAD8C5A1A35760E007D8951 /* SOIL.c in Sources */,
				AAAD8C5E1A357632007D8951 /* main.cpp in Sources */,
				AA0702E81A39318100000E38 /* Model3D.cpp in Sources */,
				AAAD8C5B1A35760E007D8951 /* stb_image_aug.c in Sources */,
				AAAD8C691A35771F007D8951 /* Matrix4.cpp in Sources */,
			);
			runOnlyForDeploymentPostprocessing = 0;
		};
/* End PBXSourcesBuildPhase section */

/* Begin XCBuildConfiguration section */
		AAAD8C451A3575B2007D8951 /* Debug */ = {
			isa = XCBuildConfiguration;
			buildSettings = {
				ALWAYS_SEARCH_USER_PATHS = NO;
				CLANG_CXX_LANGUAGE_STANDARD = "gnu++0x";
				CLANG_CXX_LIBRARY = "libc++";
				CLANG_ENABLE_MODULES = YES;
				CLANG_ENABLE_OBJC_ARC = YES;
				CLANG_WARN_BOOL_CONVERSION = YES;
				CLANG_WARN_CONSTANT_CONVERSION = YES;
				CLANG_WARN_DIRECT_OBJC_ISA_USAGE = YES_ERROR;
				CLANG_WARN_EMPTY_BODY = YES;
				CLANG_WARN_ENUM_CONVERSION = YES;
				CLANG_WARN_INT_CONVERSION = YES;
				CLANG_WARN_OBJC_ROOT_CLASS = YES_ERROR;
				CLANG_WARN_UNREACHABLE_CODE = YES;
				CLANG_WARN__DUPLICATE_METHOD_MATCH = YES;
				COPY_PHASE_STRIP = NO;
				ENABLE_STRICT_OBJC_MSGSEND = YES;
				GCC_C_LANGUAGE_STANDARD = gnu99;
				GCC_DYNAMIC_NO_PIC = NO;
				GCC_OPTIMIZATION_LEVEL = 0;
				GCC_PREPROCESSOR_DEFINITIONS = (
					"DEBUG=1",
					"$(inherited)",
				);
				GCC_SYMBOLS_PRIVATE_EXTERN = NO;
				GCC_WARN_64_TO_32_BIT_CONVERSION = YES;
				GCC_WARN_ABOUT_RETURN_TYPE = YES_ERROR;
				GCC_WARN_UNDECLARED_SELECTOR = YES;
				GCC_WARN_UNINITIALIZED_AUTOS = YES_AGGRESSIVE;
				GCC_WARN_UNUSED_FUNCTION = YES;
				GCC_WARN_UNUSED_VARIABLE = YES;
				MACOSX_DEPLOYMENT_TARGET = 10.10;
				MTL_ENABLE_DEBUG_INFO = YES;
				ONLY_ACTIVE_ARCH = YES;
				SDKROOT = macosx;
			};
			name = Debug;
		};
		AAAD8C461A3575B2007D8951 /* Release */ = {
			isa = XCBuildConfiguration;
			buildSettings = {
				ALWAYS_SEARCH_USER_PATHS = NO;
				CLANG_CXX_LANGUAGE_STANDARD = "gnu++0x";
				CLANG_CXX_LIBRARY = "libc++";
				CLANG_ENABLE_MODULES = YES;
				CLANG_ENABLE_OBJC_ARC = YES;
				CLANG_WARN_BOOL_CONVERSION = YES;
				CLANG_WARN_CONSTANT_CONVERSION = YES;
				CLANG_WARN_DIRECT_OBJC_ISA_USAGE = YES_ERROR;
				CLANG_WARN_EMPTY_BODY = YES;
				CLANG_WARN_ENUM_CONVERSION = YES;
				CLANG_WARN_INT_CONVERSION = YES;
				CLANG_WARN_OBJC_ROOT_CLASS = YES_ERROR;
				CLANG_WARN_UNREACHABLE_CODE = YES;
				CLANG_WARN__DUPLICATE_METHOD_MATCH = YES;
				COPY_PHASE_STRIP = YES;
				DEBUG_INFORMATION_FORMAT = "dwarf-with-dsym";
				ENABLE_NS_ASSERTIONS = NO;
				ENABLE_STRICT_OBJC_MSGSEND = YES;
				GCC_C_LANGUAGE_STANDARD = gnu99;
				GCC_WARN_64_TO_32_BIT_CONVERSION = YES;
				GCC_WARN_ABOUT_RETURN_TYPE = YES_ERROR;
				GCC_WARN_UNDECLARED_SELECTOR = YES;
				GCC_WARN_UNINITIALIZED_AUTOS = YES_AGGRESSIVE;
				GCC_WARN_UNUSED_FUNCTION = YES;
				GCC_WARN_UNUSED_VARIABLE = YES;
				MACOSX_DEPLOYMENT_TARGET = 10.10;
				MTL_ENABLE_DEBUG_INFO = NO;
				SDKROOT = macosx;
			};
			name = Release;
		};
		AAAD8C481A3575B2007D8951 /* Debug */ = {
			isa = XCBuildConfiguration;
			buildSettings = {
				PRODUCT_NAME = "$(TARGET_NAME)";
			};
			name = Debug;
		};
		AAAD8C491A3575B2007D8951 /* Release */ = {
			isa = XCBuildConfiguration;
			buildSettings = {
				PRODUCT_NAME = "$(TARGET_NAME)";
			};
			name = Release;
		};
/* End XCBuildConfiguration section */

/* Begin XCConfigurationList section */
		AAAD8C3B1A3575B2007D8951 /* Build configuration list for PBXProject "CSE167 Final Project" */ = {
			isa = XCConfigurationList;
			buildConfigurations = (
				AAAD8C451A3575B2007D8951 /* Debug */,
				AAAD8C461A3575B2007D8951 /* Release */,
			);
			defaultConfigurationIsVisible = 0;
			defaultConfigurationName = Release;
		};
		AAAD8C471A3575B2007D8951 /* Build configuration list for PBXNativeTarget "CSE167 Final Project" */ = {
			isa = XCConfigurationList;
			buildConfigurations = (
				AAAD8C481A3575B2007D8951 /* Debug */,
				AAAD8C491A3575B2007D8951 /* Release */,
			);
			defaultConfigurationIsVisible = 0;
			defaultConfigurationName = Release;
		};
/* End XCConfigurationList section */
	};
	rootObject = AAAD8C381A3575B2007D8951 /* Project object */;
}
